{
  "lockfileVersion": 1,
  "configVersion": 1,
  "workspaces": {
    "": {
      "name": "fifi",
      "dependencies": {
        "@thi.ng/api": "^8.12.12",
        "@thi.ng/arrays": "^2.14.5",
        "@thi.ng/buffers": "^1.0.31",
        "@thi.ng/color": "^5.8.8",
      },
      "devDependencies": {
        "@types/bun": "latest",
      },
      "peerDependencies": {
        "typescript": "^5",
      },
    },
  },
  "packages": {
    "@thi.ng/api": ["@thi.ng/api@8.12.12", "", {}, "sha512-cjdAUqqolcR6uAgELXoP4a2DN9Mhu+QEGiVyRPqyNdZ06fYIhkdkiJRFbl0+JnRUw9I3yhVF6C5AxtF60oKzqw=="],

    "@thi.ng/arrays": ["@thi.ng/arrays@2.14.5", "", { "dependencies": { "@thi.ng/api": "^8.12.12", "@thi.ng/checks": "^3.8.2", "@thi.ng/compare": "^2.4.38", "@thi.ng/equiv": "^2.1.102", "@thi.ng/errors": "^2.6.1", "@thi.ng/random": "^4.1.37" } }, "sha512-Oqxsy/hFRNfRP3rmkfliesfsk1xeMeON49QPDJNOLp6lFqNFGjL1pjxTLSRgFxRJRDwLR9i4EbGHMrf/pruPkQ=="],

    "@thi.ng/binary": ["@thi.ng/binary@3.6.1", "", { "dependencies": { "@thi.ng/api": "^8.12.12" } }, "sha512-4xuSQNjTVWuCpJnLi7igyGkrBuJREbketcuKFTeJPvq1OZXKS+LvUPNYiGVezKuneSmAAjuvcgKuGTzxgj0CLA=="],

    "@thi.ng/buffers": ["@thi.ng/buffers@1.0.31", "", { "dependencies": { "@thi.ng/api": "^8.12.12", "@thi.ng/errors": "^2.6.1" } }, "sha512-j1gydJt5zeJMBMIfMZjeXUqsI24BKaBdW2JE1HZA2QVMkUB+qe8T6aR5UU4DFWau7BkqS6k/ObvJ3aDoTjRUxg=="],

    "@thi.ng/checks": ["@thi.ng/checks@3.8.2", "", {}, "sha512-rlFMR1nD69JffzRkifaew/W9hSx4avVIGoiaLWnGEmFSFV3GelXunSLF/YoIflketC1R+dZe7EBau6g/qSDfjg=="],

    "@thi.ng/color": ["@thi.ng/color@5.8.8", "", { "dependencies": { "@thi.ng/api": "^8.12.12", "@thi.ng/arrays": "^2.14.5", "@thi.ng/binary": "^3.6.1", "@thi.ng/checks": "^3.8.2", "@thi.ng/compare": "^2.4.38", "@thi.ng/compose": "^3.0.49", "@thi.ng/defmulti": "^3.0.88", "@thi.ng/errors": "^2.6.1", "@thi.ng/math": "^5.15.1", "@thi.ng/random": "^4.1.37", "@thi.ng/strings": "^3.9.33", "@thi.ng/transducers": "^9.6.21", "@thi.ng/vectors": "^8.6.18" } }, "sha512-+dB4mjzfW94kXRYmOJ+2J+6JAmUUgJurOXCcEwo+SMqO3CswrtYhmygi9PpItHrcTc1u79KBFFmswwEk/yJBbA=="],

    "@thi.ng/compare": ["@thi.ng/compare@2.4.38", "", { "dependencies": { "@thi.ng/api": "^8.12.12" } }, "sha512-WvLWxDV2ZTNr/JW49nBc6NGfrdUM0xrqIu8vkY4vm49Dxei7u8IPVpXra1NjrveRe0VyAcQk/TNul4j9usGOjQ=="],

    "@thi.ng/compose": ["@thi.ng/compose@3.0.49", "", { "dependencies": { "@thi.ng/api": "^8.12.12", "@thi.ng/errors": "^2.6.1" } }, "sha512-k7+8FpMSSPZJXNmv2azgxwJbk2eweP1kXG7XVdrfIe/GwUHXLy+MA+wKRsx9aK6849D2SUlFb8r2oEXxZ0bYqg=="],

    "@thi.ng/defmulti": ["@thi.ng/defmulti@3.0.88", "", { "dependencies": { "@thi.ng/api": "^8.12.12", "@thi.ng/errors": "^2.6.1", "@thi.ng/logger": "^3.2.11" } }, "sha512-4/auvD7/pG/SQO/zTlXgvM+PZGMXl3ZtfSVLO/mkEl8sOQ2QNhLTc4pkf6nZx9cVmTBm24s4617XSRwCfAtJiQ=="],

    "@thi.ng/equiv": ["@thi.ng/equiv@2.1.102", "", {}, "sha512-MwEt+wOpSDoaFlbN4X9U0t+XSCqxzNWfRjlFRPwSZ+A7cmh2CaACG3Pze5HpsI6lXS6Jyhvt/dtjs45tmDpSUQ=="],

    "@thi.ng/errors": ["@thi.ng/errors@2.6.1", "", {}, "sha512-5kkJ1+JK6OInYMnRXtiJ6qZMt2zNqEuw0ZNwU8bFPfxF3yiWD5tcDNVLwE4EsMm8cGwH1K0h0TI5HIPfHSUWow=="],

    "@thi.ng/hex": ["@thi.ng/hex@2.4.5", "", {}, "sha512-5cAMI7EuH44X8d/5FTwgiuMr8u6HjQ1OhrbMUCiE44Q2SFOfrSl++4wAH1URwIczVsCikctXzgy25ubxp4LUCA=="],

    "@thi.ng/logger": ["@thi.ng/logger@3.2.11", "", {}, "sha512-C56hDPCQhxYv8gecPjnsKmQ+Awtd8XJQmovitn9w3hpCBeIxniNXjlG+J8r0nld54bm9yeOPw/k5X9I3NztKBg=="],

    "@thi.ng/math": ["@thi.ng/math@5.15.1", "", { "dependencies": { "@thi.ng/api": "^8.12.12" } }, "sha512-/SvlqvxlOetGddcALBSzLnKpr4WpVdIYbpeZmKpRJIA8CzkgSVeRBXx1ypCeXjNayVXSVagT9s6eZRb7JlqQJA=="],

    "@thi.ng/memoize": ["@thi.ng/memoize@4.0.36", "", { "dependencies": { "@thi.ng/api": "^8.12.12" } }, "sha512-9F2Zvz4VTmBnz7RHNPHy206tElDY108tuJyT8ABz9s2ejFGQvNRl29hA0b9tjleRU1NTyZ+Xdp+tFG1bTcQbFg=="],

    "@thi.ng/random": ["@thi.ng/random@4.1.37", "", { "dependencies": { "@thi.ng/api": "^8.12.12", "@thi.ng/errors": "^2.6.1" } }, "sha512-fq9/8NeZNQyuCHgW2utu4CKRAp6w0kDlfxKaLer9hvRxybDmHsGjPaDfXkqQ+rf+ipnrpcBsi2y7sfgW/jUG9A=="],

    "@thi.ng/strings": ["@thi.ng/strings@3.9.33", "", { "dependencies": { "@thi.ng/api": "^8.12.12", "@thi.ng/errors": "^2.6.1", "@thi.ng/hex": "^2.4.5", "@thi.ng/memoize": "^4.0.36" } }, "sha512-8Fok9ghBI64zwHbM7jxJM2mh81WJUkR5EL9bS2Ri/1PFaq729EwtFotJCTzlQ5qO7qzVG1PLigpoB/qBymsyFg=="],

    "@thi.ng/timestamp": ["@thi.ng/timestamp@1.1.31", "", {}, "sha512-b4c8JseRfQ8CFWfthqyN/IkC1jJgN2dDnGRGl/zxUry78SevISMJsShsjgX4wT+I9ZWDVkTLHH4GLHRyyDOrng=="],

    "@thi.ng/transducers": ["@thi.ng/transducers@9.6.21", "", { "dependencies": { "@thi.ng/api": "^8.12.12", "@thi.ng/arrays": "^2.14.5", "@thi.ng/checks": "^3.8.2", "@thi.ng/compare": "^2.4.38", "@thi.ng/compose": "^3.0.49", "@thi.ng/errors": "^2.6.1", "@thi.ng/math": "^5.15.1", "@thi.ng/random": "^4.1.37", "@thi.ng/timestamp": "^1.1.31" } }, "sha512-rIZyRrYQml1aZOyRCpLQjyNfcFn1W1yuArPBrCe7cKPMTaB98u97+GJKvr8cn4vNJ3oUhxPfUHhu280dk5HTew=="],

    "@thi.ng/vectors": ["@thi.ng/vectors@8.6.18", "", { "dependencies": { "@thi.ng/api": "^8.12.12", "@thi.ng/binary": "^3.6.1", "@thi.ng/checks": "^3.8.2", "@thi.ng/errors": "^2.6.1", "@thi.ng/math": "^5.15.1", "@thi.ng/memoize": "^4.0.36", "@thi.ng/random": "^4.1.37", "@thi.ng/strings": "^3.9.33" } }, "sha512-taLJjYDTUftKAb81Hd+riR6lujBcELpb2cMiDtfjJS4eAwtjuZ+hu4noLjR2a5+uanfI1viF0UcFNYimXVrHJA=="],

    "@types/bun": ["@types/bun@1.3.6", "", { "dependencies": { "bun-types": "1.3.6" } }, "sha512-uWCv6FO/8LcpREhenN1d1b6fcspAB+cefwD7uti8C8VffIv0Um08TKMn98FynpTiU38+y2dUO55T11NgDt8VAA=="],

    "@types/node": ["@types/node@25.0.10", "", { "dependencies": { "undici-types": "~7.16.0" } }, "sha512-zWW5KPngR/yvakJgGOmZ5vTBemDoSqF3AcV/LrO5u5wTWyEAVVh+IT39G4gtyAkh3CtTZs8aX/yRM82OfzHJRg=="],

    "bun-types": ["bun-types@1.3.6", "", { "dependencies": { "@types/node": "*" } }, "sha512-OlFwHcnNV99r//9v5IIOgQ9Uk37gZqrNMCcqEaExdkVq3Avwqok1bJFmvGMCkCE0FqzdY8VMOZpfpR3lwI+CsQ=="],

    "typescript": ["typescript@5.9.3", "", { "bin": { "tsc": "bin/tsc", "tsserver": "bin/tsserver" } }, "sha512-jl1vZzPDinLr9eUt3J/t7V6FgNEw9QjvBPdysz9KfQDD41fQrC2Y4vKQdiaUpFT4bXlb1RHhLpp8wtm6M5TgSw=="],

    "undici-types": ["undici-types@7.16.0", "", {}, "sha512-Zz+aZWSj8LE6zoxD+xrjh4VfkIG8Ya6LvYkZqtUQGJPZjYl53ypCaUwWqo7eI0x66KBGeRo+mlBEkMSeSZ38Nw=="],
  }
}
